<?xml version="1.0" encoding="utf-8"?>
<Project ToolsVersion="4.0" xmlns="http://schemas.microsoft.com/developer/msbuild/2003">
  <ItemGroup>
    <Filter Include="win32">
      <UniqueIdentifier>{84a8ebd7-7cf0-47f6-b75e-d441df67da40}</UniqueIdentifier>
    </Filter>
    <Filter Include="Classes">
      <UniqueIdentifier>{bb6c862e-70e9-49d9-81b7-3829a6f50471}</UniqueIdentifier>
    </Filter>
    <Filter Include="card">
      <UniqueIdentifier>{5745c952-b66d-4d23-b358-e7817990635e}</UniqueIdentifier>
    </Filter>
  </ItemGroup>
  <ItemGroup>
    <ClCompile Include="main.cpp">
      <Filter>win32</Filter>
    </ClCompile>
    <ClCompile Include="..\Classes\AppDelegate.cpp">
      <Filter>Classes</Filter>
    </ClCompile>
    <ClCompile Include="..\Classes\LoadAllCardPic.cpp">
      <Filter>card</Filter>
    </ClCompile>
    <ClCompile Include="..\Classes\GameDirector.cpp">
      <Filter>card</Filter>
    </ClCompile>
    <ClCompile Include="..\Classes\player.cpp">
      <Filter>card</Filter>
    </ClCompile>
    <ClCompile Include="..\Classes\GameScene.cpp">
      <Filter>card</Filter>
    </ClCompile>
  </ItemGroup>
  <ItemGroup>
    <ClInclude Include="main.h">
      <Filter>win32</Filter>
    </ClInclude>
    <ClInclude Include="..\Classes\AppDelegate.h">
      <Filter>Classes</Filter>
    </ClInclude>
    <ClInclude Include="..\Classes\LoadAllCardPic.h">
      <Filter>card</Filter>
    </ClInclude>
    <ClInclude Include="..\Classes\CCMenuItemCard.h">
      <Filter>card</Filter>
    </ClInclude>
    <ClInclude Include="..\Classes\GameDirector.h">
      <Filter>card</Filter>
    </ClInclude>
    <ClInclude Include="..\Classes\player.h">
      <Filter>card</Filter>
    </ClInclude>
    <ClInclude Include="..\Classes\GameScene.h">
      <Filter>card</Filter>
    </ClInclude>
  </ItemGroup>
</Project>